
Microsoft Visual Studio Solution File, Format Version 12.00
# Visual Studio Version 16
VisualStudioVersion = 16.0.30413.136
MinimumVisualStudioVersion = 10.0.40219.1
Project("{FAE04EC0-301F-11D3-BF4B-00C04F79EFBC}") = "MyPicViewer", "MyPicViewer\MyPicViewer.csproj", "{65D9AA9C-EA5F-42B3-99D1-EAB796308587}"
EndProject
Global
	GlobalSection(SolutionConfigurationPlatforms) = preSolution
		Debug|Any CPU = Debug|Any CPU
		Release|Any CPU = Release|Any CPU
	EndGlobalSection
	GlobalSection(ProjectConfigurationPlatforms) = postSolution
		{65D9AA9C-EA5F-42B3-99D1-EAB796308587}.Debug|Any CPU.ActiveCfg = Debug|Any CPU
		{65D9AA9C-EA5F-42B3-99D1-EAB796308587}.Debug|Any CPU.Build.0 = Debug|Any CPU
		{65D9AA9C-EA5F-42B3-99D1-EAB796308587}.Release|Any CPU.ActiveCfg = Release|Any CPU
		{65D9AA9C-EA5F-42B3-99D1-EAB796308587}.Release|Any CPU.Build.0 = Release|Any CPU
	EndGlobalSection
	GlobalSection(SolutionProperties) = preSolution
		HideSolutionNode = FALSE
	EndGlobalSection
	GlobalSection(ExtensibilityGlobals) = postSolution
		SolutionGuid = {738FB664-B612-4587-9CDD-9A93AB838344}
	EndGlobalSection
EndGlobal
